
Microsoft Visual Studio Solution File, Format Version 12.00
# Visual Studio Version 16
VisualStudioVersion = 16.0.29806.167
MinimumVisualStudioVersion = 10.0.40219.1
Project("{8BC9CEB8-8B4A-11D0-8D11-00A0C91BC942}") = "3-b9", "3-b9\3-b9.vcxproj", "{EF5F6404-FC3B-4D1C-9311-1FE3584A04FD}"
EndProject
Project("{8BC9CEB8-8B4A-11D0-8D11-00A0C91BC942}") = "3-b9 c", "3-b9 c\3-b9 c.vcxproj", "{82742D07-5605-450E-A9D9-F8249BA1364E}"
EndProject
Project("{8BC9CEB8-8B4A-11D0-8D11-00A0C91BC942}") = "3-b10", "3-b10\3-b10.vcxproj", "{42C5466D-88E0-4C72-9A21-5E884A467AE7}"
EndProject
Project("{8BC9CEB8-8B4A-11D0-8D11-00A0C91BC942}") = "3-b10 c", "3-b10 c\3-b10 c.vcxproj", "{4FF50FCE-B356-4117-B8D3-667933D6E9BD}"
EndProject
Project("{8BC9CEB8-8B4A-11D0-8D11-00A0C91BC942}") = "3-b11", "3-b11\3-b11.vcxproj", "{2BC8C62F-4448-426B-8F14-E4A3EC509E32}"
EndProject
Project("{8BC9CEB8-8B4A-11D0-8D11-00A0C91BC942}") = "3-b12", "3-b12\3-b12.vcxproj", "{96C01133-6052-49D4-9438-C756756D31A8}"
EndProject
Project("{8BC9CEB8-8B4A-11D0-8D11-00A0C91BC942}") = "3-b12 c", "3-b12 c\3-b12 c.vcxproj", "{D405024F-5E68-41C4-B514-7CBAAECF7786}"
EndProject
Project("{8BC9CEB8-8B4A-11D0-8D11-00A0C91BC942}") = "3-b13", "3-b13\3-b13.vcxproj", "{B0477AC2-0FFE-48FA-9141-EBF3C77CB60D}"
EndProject
Project("{8BC9CEB8-8B4A-11D0-8D11-00A0C91BC942}") = "3-b13 c", "3-b13 c\3-b13 c.vcxproj", "{D5B995CC-8ABC-4B7F-AF5D-40CD78DF296E}"
EndProject
Global
	GlobalSection(SolutionConfigurationPlatforms) = preSolution
		Debug|x64 = Debug|x64
		Debug|x86 = Debug|x86
		Release|x64 = Release|x64
		Release|x86 = Release|x86
	EndGlobalSection
	GlobalSection(ProjectConfigurationPlatforms) = postSolution
		{EF5F6404-FC3B-4D1C-9311-1FE3584A04FD}.Debug|x64.ActiveCfg = Debug|x64
		{EF5F6404-FC3B-4D1C-9311-1FE3584A04FD}.Debug|x64.Build.0 = Debug|x64
		{EF5F6404-FC3B-4D1C-9311-1FE3584A04FD}.Debug|x86.ActiveCfg = Debug|Win32
		{EF5F6404-FC3B-4D1C-9311-1FE3584A04FD}.Debug|x86.Build.0 = Debug|Win32
		{EF5F6404-FC3B-4D1C-9311-1FE3584A04FD}.Release|x64.ActiveCfg = Release|x64
		{EF5F6404-FC3B-4D1C-9311-1FE3584A04FD}.Release|x64.Build.0 = Release|x64
		{EF5F6404-FC3B-4D1C-9311-1FE3584A04FD}.Release|x86.ActiveCfg = Release|Win32
		{EF5F6404-FC3B-4D1C-9311-1FE3584A04FD}.Release|x86.Build.0 = Release|Win32
		{82742D07-5605-450E-A9D9-F8249BA1364E}.Debug|x64.ActiveCfg = Debug|x64
		{82742D07-5605-450E-A9D9-F8249BA1364E}.Debug|x64.Build.0 = Debug|x64
		{82742D07-5605-450E-A9D9-F8249BA1364E}.Debug|x86.ActiveCfg = Debug|Win32
		{82742D07-5605-450E-A9D9-F8249BA1364E}.Debug|x86.Build.0 = Debug|Win32
		{82742D07-5605-450E-A9D9-F8249BA1364E}.Release|x64.ActiveCfg = Release|x64
		{82742D07-5605-450E-A9D9-F8249BA1364E}.Release|x64.Build.0 = Release|x64
		{82742D07-5605-450E-A9D9-F8249BA1364E}.Release|x86.ActiveCfg = Release|Win32
		{82742D07-5605-450E-A9D9-F8249BA1364E}.Release|x86.Build.0 = Release|Win32
		{42C5466D-88E0-4C72-9A21-5E884A467AE7}.Debug|x64.ActiveCfg = Debug|x64
		{42C5466D-88E0-4C72-9A21-5E884A467AE7}.Debug|x64.Build.0 = Debug|x64
		{42C5466D-88E0-4C72-9A21-5E884A467AE7}.Debug|x86.ActiveCfg = Debug|Win32
		{42C5466D-88E0-4C72-9A21-5E884A467AE7}.Debug|x86.Build.0 = Debug|Win32
		{42C5466D-88E0-4C72-9A21-5E884A467AE7}.Release|x64.ActiveCfg = Release|x64
		{42C5466D-88E0-4C72-9A21-5E884A467AE7}.Release|x64.Build.0 = Release|x64
		{42C5466D-88E0-4C72-9A21-5E884A467AE7}.Release|x86.ActiveCfg = Release|Win32
		{42C5466D-88E0-4C72-9A21-5E884A467AE7}.Release|x86.Build.0 = Release|Win32
		{4FF50FCE-B356-4117-B8D3-667933D6E9BD}.Debug|x64.ActiveCfg = Debug|x64
		{4FF50FCE-B356-4117-B8D3-667933D6E9BD}.Debug|x64.Build.0 = Debug|x64
		{4FF50FCE-B356-4117-B8D3-667933D6E9BD}.Debug|x86.ActiveCfg = Debug|Win32
		{4FF50FCE-B356-4117-B8D3-667933D6E9BD}.Debug|x86.Build.0 = Debug|Win32
		{4FF50FCE-B356-4117-B8D3-667933D6E9BD}.Release|x64.ActiveCfg = Release|x64
		{4FF50FCE-B356-4117-B8D3-667933D6E9BD}.Release|x64.Build.0 = Release|x64
		{4FF50FCE-B356-4117-B8D3-667933D6E9BD}.Release|x86.ActiveCfg = Release|Win32
		{4FF50FCE-B356-4117-B8D3-667933D6E9BD}.Release|x86.Build.0 = Release|Win32
		{2BC8C62F-4448-426B-8F14-E4A3EC509E32}.Debug|x64.ActiveCfg = Debug|x64
		{2BC8C62F-4448-426B-8F14-E4A3EC509E32}.Debug|x64.Build.0 = Debug|x64
		{2BC8C62F-4448-426B-8F14-E4A3EC509E32}.Debug|x86.ActiveCfg = Debug|Win32
		{2BC8C62F-4448-426B-8F14-E4A3EC509E32}.Debug|x86.Build.0 = Debug|Win32
		{2BC8C62F-4448-426B-8F14-E4A3EC509E32}.Release|x64.ActiveCfg = Release|x64
		{2BC8C62F-4448-426B-8F14-E4A3EC509E32}.Release|x64.Build.0 = Release|x64
		{2BC8C62F-4448-426B-8F14-E4A3EC509E32}.Release|x86.ActiveCfg = Release|Win32
		{2BC8C62F-4448-426B-8F14-E4A3EC509E32}.Release|x86.Build.0 = Release|Win32
		{96C01133-6052-49D4-9438-C756756D31A8}.Debug|x64.ActiveCfg = Debug|x64
		{96C01133-6052-49D4-9438-C756756D31A8}.Debug|x64.Build.0 = Debug|x64
		{96C01133-6052-49D4-9438-C756756D31A8}.Debug|x86.ActiveCfg = Debug|Win32
		{96C01133-6052-49D4-9438-C756756D31A8}.Debug|x86.Build.0 = Debug|Win32
		{96C01133-6052-49D4-9438-C756756D31A8}.Release|x64.ActiveCfg = Release|x64
		{96C01133-6052-49D4-9438-C756756D31A8}.Release|x64.Build.0 = Release|x64
		{96C01133-6052-49D4-9438-C756756D31A8}.Release|x86.ActiveCfg = Release|Win32
		{96C01133-6052-49D4-9438-C756756D31A8}.Release|x86.Build.0 = Release|Win32
		{D405024F-5E68-41C4-B514-7CBAAECF7786}.Debug|x64.ActiveCfg = Debug|x64
		{D405024F-5E68-41C4-B514-7CBAAECF7786}.Debug|x64.Build.0 = Debug|x64
		{D405024F-5E68-41C4-B514-7CBAAECF7786}.Debug|x86.ActiveCfg = Debug|Win32
		{D405024F-5E68-41C4-B514-7CBAAECF7786}.Debug|x86.Build.0 = Debug|Win32
		{D405024F-5E68-41C4-B514-7CBAAECF7786}.Release|x64.ActiveCfg = Release|x64
		{D405024F-5E68-41C4-B514-7CBAAECF7786}.Release|x64.Build.0 = Release|x64
		{D405024F-5E68-41C4-B514-7CBAAECF7786}.Release|x86.ActiveCfg = Release|Win32
		{D405024F-5E68-41C4-B514-7CBAAECF7786}.Release|x86.Build.0 = Release|Win32
		{B0477AC2-0FFE-48FA-9141-EBF3C77CB60D}.Debug|x64.ActiveCfg = Debug|x64
		{B0477AC2-0FFE-48FA-9141-EBF3C77CB60D}.Debug|x64.Build.0 = Debug|x64
		{B0477AC2-0FFE-48FA-9141-EBF3C77CB60D}.Debug|x86.ActiveCfg = Debug|Win32
		{B0477AC2-0FFE-48FA-9141-EBF3C77CB60D}.Debug|x86.Build.0 = Debug|Win32
		{B0477AC2-0FFE-48FA-9141-EBF3C77CB60D}.Release|x64.ActiveCfg = Release|x64
		{B0477AC2-0FFE-48FA-9141-EBF3C77CB60D}.Release|x64.Build.0 = Release|x64
		{B0477AC2-0FFE-48FA-9141-EBF3C77CB60D}.Release|x86.ActiveCfg = Release|Win32
		{B0477AC2-0FFE-48FA-9141-EBF3C77CB60D}.Release|x86.Build.0 = Release|Win32
		{D5B995CC-8ABC-4B7F-AF5D-40CD78DF296E}.Debug|x64.ActiveCfg = Debug|x64
		{D5B995CC-8ABC-4B7F-AF5D-40CD78DF296E}.Debug|x64.Build.0 = Debug|x64
		{D5B995CC-8ABC-4B7F-AF5D-40CD78DF296E}.Debug|x86.ActiveCfg = Debug|Win32
		{D5B995CC-8ABC-4B7F-AF5D-40CD78DF296E}.Debug|x86.Build.0 = Debug|Win32
		{D5B995CC-8ABC-4B7F-AF5D-40CD78DF296E}.Release|x64.ActiveCfg = Release|x64
		{D5B995CC-8ABC-4B7F-AF5D-40CD78DF296E}.Release|x64.Build.0 = Release|x64
		{D5B995CC-8ABC-4B7F-AF5D-40CD78DF296E}.Release|x86.ActiveCfg = Release|Win32
		{D5B995CC-8ABC-4B7F-AF5D-40CD78DF296E}.Release|x86.Build.0 = Release|Win32
	EndGlobalSection
	GlobalSection(SolutionProperties) = preSolution
		HideSolutionNode = FALSE
	EndGlobalSection
	GlobalSection(ExtensibilityGlobals) = postSolution
		SolutionGuid = {8676E4F9-D57B-469D-A83E-81ABCED4CAB1}
	EndGlobalSection
EndGlobal
