
Microsoft Visual Studio Solution File, Format Version 12.00
# Visual Studio Version 16
VisualStudioVersion = 16.0.29806.167
MinimumVisualStudioVersion = 10.0.40219.1
Project("{8BC9CEB8-8B4A-11D0-8D11-00A0C91BC942}") = "4-b5 c", "4-b5 c\4-b5 c.vcxproj", "{18B094CD-8F17-4C1C-8410-3D434F5AA1FC}"
EndProject
Project("{8BC9CEB8-8B4A-11D0-8D11-00A0C91BC942}") = "4-b6", "4-b6\4-b6.vcxproj", "{3A9DA377-4472-4406-BCB6-7E2D1F991F69}"
EndProject
Project("{8BC9CEB8-8B4A-11D0-8D11-00A0C91BC942}") = "4-b7", "4-b7\4-b7.vcxproj", "{63CC555D-DEBC-496F-8681-8E294FE49AE6}"
EndProject
Project("{8BC9CEB8-8B4A-11D0-8D11-00A0C91BC942}") = "4-b8 c", "4-b8 c\4-b8 c.vcxproj", "{07FD02A6-CEA1-44F9-BCC3-75F9277DCB0B}"
EndProject
Project("{8BC9CEB8-8B4A-11D0-8D11-00A0C91BC942}") = "4-b8", "4-b8\4-b8.vcxproj", "{414CBD14-CB62-48ED-AD46-EAC92F42D34B}"
EndProject
Project("{8BC9CEB8-8B4A-11D0-8D11-00A0C91BC942}") = "4-b9", "4-b9\4-b9.vcxproj", "{F7E0980E-B25F-428D-8C70-C465993A1E3D}"
EndProject
Global
	GlobalSection(SolutionConfigurationPlatforms) = preSolution
		Debug|x64 = Debug|x64
		Debug|x86 = Debug|x86
		Release|x64 = Release|x64
		Release|x86 = Release|x86
	EndGlobalSection
	GlobalSection(ProjectConfigurationPlatforms) = postSolution
		{18B094CD-8F17-4C1C-8410-3D434F5AA1FC}.Debug|x64.ActiveCfg = Debug|x64
		{18B094CD-8F17-4C1C-8410-3D434F5AA1FC}.Debug|x64.Build.0 = Debug|x64
		{18B094CD-8F17-4C1C-8410-3D434F5AA1FC}.Debug|x86.ActiveCfg = Debug|Win32
		{18B094CD-8F17-4C1C-8410-3D434F5AA1FC}.Debug|x86.Build.0 = Debug|Win32
		{18B094CD-8F17-4C1C-8410-3D434F5AA1FC}.Release|x64.ActiveCfg = Release|x64
		{18B094CD-8F17-4C1C-8410-3D434F5AA1FC}.Release|x64.Build.0 = Release|x64
		{18B094CD-8F17-4C1C-8410-3D434F5AA1FC}.Release|x86.ActiveCfg = Release|Win32
		{18B094CD-8F17-4C1C-8410-3D434F5AA1FC}.Release|x86.Build.0 = Release|Win32
		{3A9DA377-4472-4406-BCB6-7E2D1F991F69}.Debug|x64.ActiveCfg = Debug|x64
		{3A9DA377-4472-4406-BCB6-7E2D1F991F69}.Debug|x64.Build.0 = Debug|x64
		{3A9DA377-4472-4406-BCB6-7E2D1F991F69}.Debug|x86.ActiveCfg = Debug|Win32
		{3A9DA377-4472-4406-BCB6-7E2D1F991F69}.Debug|x86.Build.0 = Debug|Win32
		{3A9DA377-4472-4406-BCB6-7E2D1F991F69}.Release|x64.ActiveCfg = Release|x64
		{3A9DA377-4472-4406-BCB6-7E2D1F991F69}.Release|x64.Build.0 = Release|x64
		{3A9DA377-4472-4406-BCB6-7E2D1F991F69}.Release|x86.ActiveCfg = Release|Win32
		{3A9DA377-4472-4406-BCB6-7E2D1F991F69}.Release|x86.Build.0 = Release|Win32
		{63CC555D-DEBC-496F-8681-8E294FE49AE6}.Debug|x64.ActiveCfg = Debug|x64
		{63CC555D-DEBC-496F-8681-8E294FE49AE6}.Debug|x64.Build.0 = Debug|x64
		{63CC555D-DEBC-496F-8681-8E294FE49AE6}.Debug|x86.ActiveCfg = Debug|Win32
		{63CC555D-DEBC-496F-8681-8E294FE49AE6}.Debug|x86.Build.0 = Debug|Win32
		{63CC555D-DEBC-496F-8681-8E294FE49AE6}.Release|x64.ActiveCfg = Release|x64
		{63CC555D-DEBC-496F-8681-8E294FE49AE6}.Release|x64.Build.0 = Release|x64
		{63CC555D-DEBC-496F-8681-8E294FE49AE6}.Release|x86.ActiveCfg = Release|Win32
		{63CC555D-DEBC-496F-8681-8E294FE49AE6}.Release|x86.Build.0 = Release|Win32
		{07FD02A6-CEA1-44F9-BCC3-75F9277DCB0B}.Debug|x64.ActiveCfg = Debug|x64
		{07FD02A6-CEA1-44F9-BCC3-75F9277DCB0B}.Debug|x64.Build.0 = Debug|x64
		{07FD02A6-CEA1-44F9-BCC3-75F9277DCB0B}.Debug|x86.ActiveCfg = Debug|Win32
		{07FD02A6-CEA1-44F9-BCC3-75F9277DCB0B}.Debug|x86.Build.0 = Debug|Win32
		{07FD02A6-CEA1-44F9-BCC3-75F9277DCB0B}.Release|x64.ActiveCfg = Release|x64
		{07FD02A6-CEA1-44F9-BCC3-75F9277DCB0B}.Release|x64.Build.0 = Release|x64
		{07FD02A6-CEA1-44F9-BCC3-75F9277DCB0B}.Release|x86.ActiveCfg = Release|Win32
		{07FD02A6-CEA1-44F9-BCC3-75F9277DCB0B}.Release|x86.Build.0 = Release|Win32
		{414CBD14-CB62-48ED-AD46-EAC92F42D34B}.Debug|x64.ActiveCfg = Debug|x64
		{414CBD14-CB62-48ED-AD46-EAC92F42D34B}.Debug|x64.Build.0 = Debug|x64
		{414CBD14-CB62-48ED-AD46-EAC92F42D34B}.Debug|x86.ActiveCfg = Debug|Win32
		{414CBD14-CB62-48ED-AD46-EAC92F42D34B}.Debug|x86.Build.0 = Debug|Win32
		{414CBD14-CB62-48ED-AD46-EAC92F42D34B}.Release|x64.ActiveCfg = Release|x64
		{414CBD14-CB62-48ED-AD46-EAC92F42D34B}.Release|x64.Build.0 = Release|x64
		{414CBD14-CB62-48ED-AD46-EAC92F42D34B}.Release|x86.ActiveCfg = Release|Win32
		{414CBD14-CB62-48ED-AD46-EAC92F42D34B}.Release|x86.Build.0 = Release|Win32
		{F7E0980E-B25F-428D-8C70-C465993A1E3D}.Debug|x64.ActiveCfg = Debug|x64
		{F7E0980E-B25F-428D-8C70-C465993A1E3D}.Debug|x64.Build.0 = Debug|x64
		{F7E0980E-B25F-428D-8C70-C465993A1E3D}.Debug|x86.ActiveCfg = Debug|Win32
		{F7E0980E-B25F-428D-8C70-C465993A1E3D}.Debug|x86.Build.0 = Debug|Win32
		{F7E0980E-B25F-428D-8C70-C465993A1E3D}.Release|x64.ActiveCfg = Release|x64
		{F7E0980E-B25F-428D-8C70-C465993A1E3D}.Release|x64.Build.0 = Release|x64
		{F7E0980E-B25F-428D-8C70-C465993A1E3D}.Release|x86.ActiveCfg = Release|Win32
		{F7E0980E-B25F-428D-8C70-C465993A1E3D}.Release|x86.Build.0 = Release|Win32
	EndGlobalSection
	GlobalSection(SolutionProperties) = preSolution
		HideSolutionNode = FALSE
	EndGlobalSection
	GlobalSection(ExtensibilityGlobals) = postSolution
		SolutionGuid = {2D939068-0EA1-4E6B-80A6-DFBD10551F46}
	EndGlobalSection
EndGlobal
