
Microsoft Visual Studio Solution File, Format Version 12.00
# Visual Studio Version 16
VisualStudioVersion = 16.0.29509.3
MinimumVisualStudioVersion = 10.0.40219.1
Project("{8BC9CEB8-8B4A-11D0-8D11-00A0C91BC942}") = "test-cct", "test-cct\test-cct.vcxproj", "{A305D197-CC2D-4C29-B99B-CBFEF4DE7305}"
EndProject
Project("{8BC9CEB8-8B4A-11D0-8D11-00A0C91BC942}") = "common", "common\common.vcxproj", "{7DB55264-C7D3-4706-9973-1535329145D0}"
EndProject
Project("{8BC9CEB8-8B4A-11D0-8D11-00A0C91BC942}") = "include", "include\include.vcxproj", "{080B4498-614D-4546-A575-DC2CB7AC7433}"
EndProject
Project("{8BC9CEB8-8B4A-11D0-8D11-00A0C91BC942}") = "90-01-b1", "90-01-b1\90-01-b1.vcxproj", "{D0692950-6A6F-41FF-9912-3F04AC9B48FF}"
EndProject
Project("{8BC9CEB8-8B4A-11D0-8D11-00A0C91BC942}") = "90-01-b2", "90-01-b2\90-01-b2.vcxproj", "{CBEBC6F0-84BB-40CB-961B-0574FB505C16}"
EndProject
Project("{8BC9CEB8-8B4A-11D0-8D11-00A0C91BC942}") = "90-02-b1", "90-02-b1\90-02-b1.vcxproj", "{EBD3C6DA-0F65-4D74-96DB-6C6CC93EF5A0}"
EndProject
Project("{8BC9CEB8-8B4A-11D0-8D11-00A0C91BC942}") = "90-01-b2-gmw", "90-01-b2-gmw\90-01-b2-gmw.vcxproj", "{EABBC88D-EE8D-4371-8092-4BB6625E7D82}"
EndProject
Project("{8BC9CEB8-8B4A-11D0-8D11-00A0C91BC942}") = "90-02-b1-gmw", "90-02-b1-gmw\90-02-b1-gmw.vcxproj", "{46E4FA4C-CC96-4671-8127-6AE306EA637C}"
EndProject
Project("{8BC9CEB8-8B4A-11D0-8D11-00A0C91BC942}") = "test-gmw", "test-gmw\test-gmw.vcxproj", "{62BA9BB6-91AD-42D6-8B8D-A9D0E5D713FF}"
EndProject
Project("{8BC9CEB8-8B4A-11D0-8D11-00A0C91BC942}") = "90-02-b2", "90-02-b2\90-02-b2.vcxproj", "{0D36BD0D-5C59-41A0-818D-E6414BA398A2}"
EndProject
Global
	GlobalSection(SolutionConfigurationPlatforms) = preSolution
		Debug|x64 = Debug|x64
		Debug|x86 = Debug|x86
		Release|x64 = Release|x64
		Release|x86 = Release|x86
	EndGlobalSection
	GlobalSection(ProjectConfigurationPlatforms) = postSolution
		{A305D197-CC2D-4C29-B99B-CBFEF4DE7305}.Debug|x64.ActiveCfg = Debug|x64
		{A305D197-CC2D-4C29-B99B-CBFEF4DE7305}.Debug|x64.Build.0 = Debug|x64
		{A305D197-CC2D-4C29-B99B-CBFEF4DE7305}.Debug|x86.ActiveCfg = Debug|Win32
		{A305D197-CC2D-4C29-B99B-CBFEF4DE7305}.Debug|x86.Build.0 = Debug|Win32
		{A305D197-CC2D-4C29-B99B-CBFEF4DE7305}.Release|x64.ActiveCfg = Release|x64
		{A305D197-CC2D-4C29-B99B-CBFEF4DE7305}.Release|x64.Build.0 = Release|x64
		{A305D197-CC2D-4C29-B99B-CBFEF4DE7305}.Release|x86.ActiveCfg = Release|Win32
		{A305D197-CC2D-4C29-B99B-CBFEF4DE7305}.Release|x86.Build.0 = Release|Win32
		{7DB55264-C7D3-4706-9973-1535329145D0}.Debug|x64.ActiveCfg = Debug|x64
		{7DB55264-C7D3-4706-9973-1535329145D0}.Debug|x64.Build.0 = Debug|x64
		{7DB55264-C7D3-4706-9973-1535329145D0}.Debug|x86.ActiveCfg = Debug|Win32
		{7DB55264-C7D3-4706-9973-1535329145D0}.Release|x64.ActiveCfg = Release|x64
		{7DB55264-C7D3-4706-9973-1535329145D0}.Release|x64.Build.0 = Release|x64
		{7DB55264-C7D3-4706-9973-1535329145D0}.Release|x86.ActiveCfg = Release|Win32
		{7DB55264-C7D3-4706-9973-1535329145D0}.Release|x86.Build.0 = Release|Win32
		{080B4498-614D-4546-A575-DC2CB7AC7433}.Debug|x64.ActiveCfg = Debug|x64
		{080B4498-614D-4546-A575-DC2CB7AC7433}.Debug|x64.Build.0 = Debug|x64
		{080B4498-614D-4546-A575-DC2CB7AC7433}.Debug|x86.ActiveCfg = Debug|Win32
		{080B4498-614D-4546-A575-DC2CB7AC7433}.Release|x64.ActiveCfg = Release|x64
		{080B4498-614D-4546-A575-DC2CB7AC7433}.Release|x64.Build.0 = Release|x64
		{080B4498-614D-4546-A575-DC2CB7AC7433}.Release|x86.ActiveCfg = Release|Win32
		{080B4498-614D-4546-A575-DC2CB7AC7433}.Release|x86.Build.0 = Release|Win32
		{D0692950-6A6F-41FF-9912-3F04AC9B48FF}.Debug|x64.ActiveCfg = Debug|x64
		{D0692950-6A6F-41FF-9912-3F04AC9B48FF}.Debug|x64.Build.0 = Debug|x64
		{D0692950-6A6F-41FF-9912-3F04AC9B48FF}.Debug|x86.ActiveCfg = Debug|Win32
		{D0692950-6A6F-41FF-9912-3F04AC9B48FF}.Debug|x86.Build.0 = Debug|Win32
		{D0692950-6A6F-41FF-9912-3F04AC9B48FF}.Release|x64.ActiveCfg = Release|x64
		{D0692950-6A6F-41FF-9912-3F04AC9B48FF}.Release|x64.Build.0 = Release|x64
		{D0692950-6A6F-41FF-9912-3F04AC9B48FF}.Release|x86.ActiveCfg = Release|Win32
		{D0692950-6A6F-41FF-9912-3F04AC9B48FF}.Release|x86.Build.0 = Release|Win32
		{CBEBC6F0-84BB-40CB-961B-0574FB505C16}.Debug|x64.ActiveCfg = Debug|x64
		{CBEBC6F0-84BB-40CB-961B-0574FB505C16}.Debug|x64.Build.0 = Debug|x64
		{CBEBC6F0-84BB-40CB-961B-0574FB505C16}.Debug|x86.ActiveCfg = Debug|Win32
		{CBEBC6F0-84BB-40CB-961B-0574FB505C16}.Debug|x86.Build.0 = Debug|Win32
		{CBEBC6F0-84BB-40CB-961B-0574FB505C16}.Release|x64.ActiveCfg = Release|x64
		{CBEBC6F0-84BB-40CB-961B-0574FB505C16}.Release|x64.Build.0 = Release|x64
		{CBEBC6F0-84BB-40CB-961B-0574FB505C16}.Release|x86.ActiveCfg = Release|Win32
		{CBEBC6F0-84BB-40CB-961B-0574FB505C16}.Release|x86.Build.0 = Release|Win32
		{EBD3C6DA-0F65-4D74-96DB-6C6CC93EF5A0}.Debug|x64.ActiveCfg = Debug|x64
		{EBD3C6DA-0F65-4D74-96DB-6C6CC93EF5A0}.Debug|x64.Build.0 = Debug|x64
		{EBD3C6DA-0F65-4D74-96DB-6C6CC93EF5A0}.Debug|x86.ActiveCfg = Debug|Win32
		{EBD3C6DA-0F65-4D74-96DB-6C6CC93EF5A0}.Debug|x86.Build.0 = Debug|Win32
		{EBD3C6DA-0F65-4D74-96DB-6C6CC93EF5A0}.Release|x64.ActiveCfg = Release|x64
		{EBD3C6DA-0F65-4D74-96DB-6C6CC93EF5A0}.Release|x64.Build.0 = Release|x64
		{EBD3C6DA-0F65-4D74-96DB-6C6CC93EF5A0}.Release|x86.ActiveCfg = Release|Win32
		{EBD3C6DA-0F65-4D74-96DB-6C6CC93EF5A0}.Release|x86.Build.0 = Release|Win32
		{EABBC88D-EE8D-4371-8092-4BB6625E7D82}.Debug|x64.ActiveCfg = Debug|x64
		{EABBC88D-EE8D-4371-8092-4BB6625E7D82}.Debug|x64.Build.0 = Debug|x64
		{EABBC88D-EE8D-4371-8092-4BB6625E7D82}.Debug|x86.ActiveCfg = Debug|Win32
		{EABBC88D-EE8D-4371-8092-4BB6625E7D82}.Debug|x86.Build.0 = Debug|Win32
		{EABBC88D-EE8D-4371-8092-4BB6625E7D82}.Release|x64.ActiveCfg = Release|x64
		{EABBC88D-EE8D-4371-8092-4BB6625E7D82}.Release|x64.Build.0 = Release|x64
		{EABBC88D-EE8D-4371-8092-4BB6625E7D82}.Release|x86.ActiveCfg = Release|Win32
		{EABBC88D-EE8D-4371-8092-4BB6625E7D82}.Release|x86.Build.0 = Release|Win32
		{46E4FA4C-CC96-4671-8127-6AE306EA637C}.Debug|x64.ActiveCfg = Debug|x64
		{46E4FA4C-CC96-4671-8127-6AE306EA637C}.Debug|x64.Build.0 = Debug|x64
		{46E4FA4C-CC96-4671-8127-6AE306EA637C}.Debug|x86.ActiveCfg = Debug|Win32
		{46E4FA4C-CC96-4671-8127-6AE306EA637C}.Debug|x86.Build.0 = Debug|Win32
		{46E4FA4C-CC96-4671-8127-6AE306EA637C}.Release|x64.ActiveCfg = Release|x64
		{46E4FA4C-CC96-4671-8127-6AE306EA637C}.Release|x64.Build.0 = Release|x64
		{46E4FA4C-CC96-4671-8127-6AE306EA637C}.Release|x86.ActiveCfg = Release|Win32
		{46E4FA4C-CC96-4671-8127-6AE306EA637C}.Release|x86.Build.0 = Release|Win32
		{62BA9BB6-91AD-42D6-8B8D-A9D0E5D713FF}.Debug|x64.ActiveCfg = Debug|x64
		{62BA9BB6-91AD-42D6-8B8D-A9D0E5D713FF}.Debug|x64.Build.0 = Debug|x64
		{62BA9BB6-91AD-42D6-8B8D-A9D0E5D713FF}.Debug|x86.ActiveCfg = Debug|Win32
		{62BA9BB6-91AD-42D6-8B8D-A9D0E5D713FF}.Debug|x86.Build.0 = Debug|Win32
		{62BA9BB6-91AD-42D6-8B8D-A9D0E5D713FF}.Release|x64.ActiveCfg = Release|x64
		{62BA9BB6-91AD-42D6-8B8D-A9D0E5D713FF}.Release|x64.Build.0 = Release|x64
		{62BA9BB6-91AD-42D6-8B8D-A9D0E5D713FF}.Release|x86.ActiveCfg = Release|Win32
		{62BA9BB6-91AD-42D6-8B8D-A9D0E5D713FF}.Release|x86.Build.0 = Release|Win32
		{0D36BD0D-5C59-41A0-818D-E6414BA398A2}.Debug|x64.ActiveCfg = Debug|x64
		{0D36BD0D-5C59-41A0-818D-E6414BA398A2}.Debug|x64.Build.0 = Debug|x64
		{0D36BD0D-5C59-41A0-818D-E6414BA398A2}.Debug|x86.ActiveCfg = Debug|Win32
		{0D36BD0D-5C59-41A0-818D-E6414BA398A2}.Debug|x86.Build.0 = Debug|Win32
		{0D36BD0D-5C59-41A0-818D-E6414BA398A2}.Release|x64.ActiveCfg = Release|x64
		{0D36BD0D-5C59-41A0-818D-E6414BA398A2}.Release|x64.Build.0 = Release|x64
		{0D36BD0D-5C59-41A0-818D-E6414BA398A2}.Release|x86.ActiveCfg = Release|Win32
		{0D36BD0D-5C59-41A0-818D-E6414BA398A2}.Release|x86.Build.0 = Release|Win32
	EndGlobalSection
	GlobalSection(SolutionProperties) = preSolution
		HideSolutionNode = FALSE
	EndGlobalSection
	GlobalSection(ExtensibilityGlobals) = postSolution
		SolutionGuid = {99CB8139-A37C-4289-B0D8-75E331CA5834}
	EndGlobalSection
EndGlobal
