
Microsoft Visual Studio Solution File, Format Version 12.00
# Visual Studio Version 16
VisualStudioVersion = 16.0.29806.167
MinimumVisualStudioVersion = 10.0.40219.1
Project("{8BC9CEB8-8B4A-11D0-8D11-00A0C91BC942}") = "6-b1", "6-b1\6-b1.vcxproj", "{7BB36E88-866F-446A-8BED-0BB4BCE9070F}"
EndProject
Project("{8BC9CEB8-8B4A-11D0-8D11-00A0C91BC942}") = "6-b2", "6-b2\6-b2.vcxproj", "{99CD3863-1D0B-4F69-9765-1CDEC3A7F6E5}"
EndProject
Project("{8BC9CEB8-8B4A-11D0-8D11-00A0C91BC942}") = "6-b3", "6-b3\6-b3.vcxproj", "{71839424-9811-40F0-9165-4E277371BA7C}"
EndProject
Global
	GlobalSection(SolutionConfigurationPlatforms) = preSolution
		Debug|x64 = Debug|x64
		Debug|x86 = Debug|x86
		Release|x64 = Release|x64
		Release|x86 = Release|x86
	EndGlobalSection
	GlobalSection(ProjectConfigurationPlatforms) = postSolution
		{7BB36E88-866F-446A-8BED-0BB4BCE9070F}.Debug|x64.ActiveCfg = Debug|x64
		{7BB36E88-866F-446A-8BED-0BB4BCE9070F}.Debug|x64.Build.0 = Debug|x64
		{7BB36E88-866F-446A-8BED-0BB4BCE9070F}.Debug|x86.ActiveCfg = Debug|Win32
		{7BB36E88-866F-446A-8BED-0BB4BCE9070F}.Debug|x86.Build.0 = Debug|Win32
		{7BB36E88-866F-446A-8BED-0BB4BCE9070F}.Release|x64.ActiveCfg = Release|x64
		{7BB36E88-866F-446A-8BED-0BB4BCE9070F}.Release|x64.Build.0 = Release|x64
		{7BB36E88-866F-446A-8BED-0BB4BCE9070F}.Release|x86.ActiveCfg = Release|Win32
		{7BB36E88-866F-446A-8BED-0BB4BCE9070F}.Release|x86.Build.0 = Release|Win32
		{99CD3863-1D0B-4F69-9765-1CDEC3A7F6E5}.Debug|x64.ActiveCfg = Debug|x64
		{99CD3863-1D0B-4F69-9765-1CDEC3A7F6E5}.Debug|x64.Build.0 = Debug|x64
		{99CD3863-1D0B-4F69-9765-1CDEC3A7F6E5}.Debug|x86.ActiveCfg = Debug|Win32
		{99CD3863-1D0B-4F69-9765-1CDEC3A7F6E5}.Debug|x86.Build.0 = Debug|Win32
		{99CD3863-1D0B-4F69-9765-1CDEC3A7F6E5}.Release|x64.ActiveCfg = Release|x64
		{99CD3863-1D0B-4F69-9765-1CDEC3A7F6E5}.Release|x64.Build.0 = Release|x64
		{99CD3863-1D0B-4F69-9765-1CDEC3A7F6E5}.Release|x86.ActiveCfg = Release|Win32
		{99CD3863-1D0B-4F69-9765-1CDEC3A7F6E5}.Release|x86.Build.0 = Release|Win32
		{71839424-9811-40F0-9165-4E277371BA7C}.Debug|x64.ActiveCfg = Debug|x64
		{71839424-9811-40F0-9165-4E277371BA7C}.Debug|x64.Build.0 = Debug|x64
		{71839424-9811-40F0-9165-4E277371BA7C}.Debug|x86.ActiveCfg = Debug|Win32
		{71839424-9811-40F0-9165-4E277371BA7C}.Debug|x86.Build.0 = Debug|Win32
		{71839424-9811-40F0-9165-4E277371BA7C}.Release|x64.ActiveCfg = Release|x64
		{71839424-9811-40F0-9165-4E277371BA7C}.Release|x64.Build.0 = Release|x64
		{71839424-9811-40F0-9165-4E277371BA7C}.Release|x86.ActiveCfg = Release|Win32
		{71839424-9811-40F0-9165-4E277371BA7C}.Release|x86.Build.0 = Release|Win32
	EndGlobalSection
	GlobalSection(SolutionProperties) = preSolution
		HideSolutionNode = FALSE
	EndGlobalSection
	GlobalSection(ExtensibilityGlobals) = postSolution
		SolutionGuid = {75E925F7-13AF-4A7F-B21C-AFA1DB1BCDCB}
	EndGlobalSection
EndGlobal
