
Microsoft Visual Studio Solution File, Format Version 12.00
# Visual Studio Version 16
VisualStudioVersion = 16.0.32630.194
MinimumVisualStudioVersion = 10.0.40219.1
Project("{8BC9CEB8-8B4A-11D0-8D11-00A0C91BC942}") = "demo", "demo\demo.vcxproj", "{414B3727-4494-4570-8259-95E767219F0F}"
EndProject
Project("{8BC9CEB8-8B4A-11D0-8D11-00A0C91BC942}") = "demo2", "demo2\demo2.vcxproj", "{1BA797FC-5C1C-4509-9122-14E0A50677E1}"
EndProject
Global
	GlobalSection(SolutionConfigurationPlatforms) = preSolution
		Debug|x64 = Debug|x64
		Debug|x86 = Debug|x86
		Release|x64 = Release|x64
		Release|x86 = Release|x86
	EndGlobalSection
	GlobalSection(ProjectConfigurationPlatforms) = postSolution
		{414B3727-4494-4570-8259-95E767219F0F}.Debug|x64.ActiveCfg = Debug|x64
		{414B3727-4494-4570-8259-95E767219F0F}.Debug|x64.Build.0 = Debug|x64
		{414B3727-4494-4570-8259-95E767219F0F}.Debug|x86.ActiveCfg = Debug|Win32
		{414B3727-4494-4570-8259-95E767219F0F}.Debug|x86.Build.0 = Debug|Win32
		{414B3727-4494-4570-8259-95E767219F0F}.Release|x64.ActiveCfg = Release|x64
		{414B3727-4494-4570-8259-95E767219F0F}.Release|x64.Build.0 = Release|x64
		{414B3727-4494-4570-8259-95E767219F0F}.Release|x86.ActiveCfg = Release|Win32
		{414B3727-4494-4570-8259-95E767219F0F}.Release|x86.Build.0 = Release|Win32
		{1BA797FC-5C1C-4509-9122-14E0A50677E1}.Debug|x64.ActiveCfg = Debug|x64
		{1BA797FC-5C1C-4509-9122-14E0A50677E1}.Debug|x64.Build.0 = Debug|x64
		{1BA797FC-5C1C-4509-9122-14E0A50677E1}.Debug|x86.ActiveCfg = Debug|Win32
		{1BA797FC-5C1C-4509-9122-14E0A50677E1}.Debug|x86.Build.0 = Debug|Win32
		{1BA797FC-5C1C-4509-9122-14E0A50677E1}.Release|x64.ActiveCfg = Release|x64
		{1BA797FC-5C1C-4509-9122-14E0A50677E1}.Release|x64.Build.0 = Release|x64
		{1BA797FC-5C1C-4509-9122-14E0A50677E1}.Release|x86.ActiveCfg = Release|Win32
		{1BA797FC-5C1C-4509-9122-14E0A50677E1}.Release|x86.Build.0 = Release|Win32
	EndGlobalSection
	GlobalSection(SolutionProperties) = preSolution
		HideSolutionNode = FALSE
	EndGlobalSection
	GlobalSection(ExtensibilityGlobals) = postSolution
		SolutionGuid = {48036FED-6B4C-4012-B262-E604B4695EE7}
	EndGlobalSection
EndGlobal
