
Microsoft Visual Studio Solution File, Format Version 12.00
# Visual Studio Version 16
VisualStudioVersion = 16.0.29806.167
MinimumVisualStudioVersion = 10.0.40219.1
Project("{8BC9CEB8-8B4A-11D0-8D11-00A0C91BC942}") = "13-b2-1", "13-b2-1\13-b2-1.vcxproj", "{FB6450B0-5CE9-4C52-93F5-1D1278537E7A}"
EndProject
Project("{8BC9CEB8-8B4A-11D0-8D11-00A0C91BC942}") = "13-b2-2", "13-b2-2\13-b2-2.vcxproj", "{C3ECF416-F5B8-49BC-8CC1-3B69226128F8}"
EndProject
Project("{8BC9CEB8-8B4A-11D0-8D11-00A0C91BC942}") = "13-b2-3", "13-b2-3\13-b2-3.vcxproj", "{A334033A-7FCB-44D4-A279-9DEF764946CB}"
EndProject
Project("{8BC9CEB8-8B4A-11D0-8D11-00A0C91BC942}") = "13-b2-4", "13-b2-4\13-b2-4.vcxproj", "{D663C053-7C5C-470D-9762-47C4F5860361}"
EndProject
Project("{8BC9CEB8-8B4A-11D0-8D11-00A0C91BC942}") = "13-b3-1", "13-b3-1\13-b3-1.vcxproj", "{8F32CF9C-7605-4EE1-A3AD-B3F49B9A32D5}"
EndProject
Project("{8BC9CEB8-8B4A-11D0-8D11-00A0C91BC942}") = "13-b3-2", "13-b3-2\13-b3-2.vcxproj", "{295EA796-532D-479C-BA45-63F8808B9E92}"
EndProject
Project("{8BC9CEB8-8B4A-11D0-8D11-00A0C91BC942}") = "13-b4-1", "13-b4-1\13-b4-1.vcxproj", "{E090F286-17B6-41DD-9EC6-BDE611434649}"
EndProject
Project("{8BC9CEB8-8B4A-11D0-8D11-00A0C91BC942}") = "13-b4-2", "13-b4-2\13-b4-2.vcxproj", "{ACA96D86-BDF1-423F-A545-FFD9A6789E56}"
EndProject
Project("{8BC9CEB8-8B4A-11D0-8D11-00A0C91BC942}") = "13-b5", "13-b5\13-b5.vcxproj", "{4C547275-8E33-4D98-B77A-648391FC8412}"
EndProject
Global
	GlobalSection(SolutionConfigurationPlatforms) = preSolution
		Debug|x64 = Debug|x64
		Debug|x86 = Debug|x86
		Release|x64 = Release|x64
		Release|x86 = Release|x86
	EndGlobalSection
	GlobalSection(ProjectConfigurationPlatforms) = postSolution
		{FB6450B0-5CE9-4C52-93F5-1D1278537E7A}.Debug|x64.ActiveCfg = Debug|x64
		{FB6450B0-5CE9-4C52-93F5-1D1278537E7A}.Debug|x64.Build.0 = Debug|x64
		{FB6450B0-5CE9-4C52-93F5-1D1278537E7A}.Debug|x86.ActiveCfg = Debug|Win32
		{FB6450B0-5CE9-4C52-93F5-1D1278537E7A}.Debug|x86.Build.0 = Debug|Win32
		{FB6450B0-5CE9-4C52-93F5-1D1278537E7A}.Release|x64.ActiveCfg = Release|x64
		{FB6450B0-5CE9-4C52-93F5-1D1278537E7A}.Release|x64.Build.0 = Release|x64
		{FB6450B0-5CE9-4C52-93F5-1D1278537E7A}.Release|x86.ActiveCfg = Release|Win32
		{FB6450B0-5CE9-4C52-93F5-1D1278537E7A}.Release|x86.Build.0 = Release|Win32
		{C3ECF416-F5B8-49BC-8CC1-3B69226128F8}.Debug|x64.ActiveCfg = Debug|x64
		{C3ECF416-F5B8-49BC-8CC1-3B69226128F8}.Debug|x64.Build.0 = Debug|x64
		{C3ECF416-F5B8-49BC-8CC1-3B69226128F8}.Debug|x86.ActiveCfg = Debug|Win32
		{C3ECF416-F5B8-49BC-8CC1-3B69226128F8}.Debug|x86.Build.0 = Debug|Win32
		{C3ECF416-F5B8-49BC-8CC1-3B69226128F8}.Release|x64.ActiveCfg = Release|x64
		{C3ECF416-F5B8-49BC-8CC1-3B69226128F8}.Release|x64.Build.0 = Release|x64
		{C3ECF416-F5B8-49BC-8CC1-3B69226128F8}.Release|x86.ActiveCfg = Release|Win32
		{C3ECF416-F5B8-49BC-8CC1-3B69226128F8}.Release|x86.Build.0 = Release|Win32
		{A334033A-7FCB-44D4-A279-9DEF764946CB}.Debug|x64.ActiveCfg = Debug|x64
		{A334033A-7FCB-44D4-A279-9DEF764946CB}.Debug|x64.Build.0 = Debug|x64
		{A334033A-7FCB-44D4-A279-9DEF764946CB}.Debug|x86.ActiveCfg = Debug|Win32
		{A334033A-7FCB-44D4-A279-9DEF764946CB}.Debug|x86.Build.0 = Debug|Win32
		{A334033A-7FCB-44D4-A279-9DEF764946CB}.Release|x64.ActiveCfg = Release|x64
		{A334033A-7FCB-44D4-A279-9DEF764946CB}.Release|x64.Build.0 = Release|x64
		{A334033A-7FCB-44D4-A279-9DEF764946CB}.Release|x86.ActiveCfg = Release|Win32
		{A334033A-7FCB-44D4-A279-9DEF764946CB}.Release|x86.Build.0 = Release|Win32
		{D663C053-7C5C-470D-9762-47C4F5860361}.Debug|x64.ActiveCfg = Debug|x64
		{D663C053-7C5C-470D-9762-47C4F5860361}.Debug|x64.Build.0 = Debug|x64
		{D663C053-7C5C-470D-9762-47C4F5860361}.Debug|x86.ActiveCfg = Debug|Win32
		{D663C053-7C5C-470D-9762-47C4F5860361}.Debug|x86.Build.0 = Debug|Win32
		{D663C053-7C5C-470D-9762-47C4F5860361}.Release|x64.ActiveCfg = Release|x64
		{D663C053-7C5C-470D-9762-47C4F5860361}.Release|x64.Build.0 = Release|x64
		{D663C053-7C5C-470D-9762-47C4F5860361}.Release|x86.ActiveCfg = Release|Win32
		{D663C053-7C5C-470D-9762-47C4F5860361}.Release|x86.Build.0 = Release|Win32
		{8F32CF9C-7605-4EE1-A3AD-B3F49B9A32D5}.Debug|x64.ActiveCfg = Debug|x64
		{8F32CF9C-7605-4EE1-A3AD-B3F49B9A32D5}.Debug|x64.Build.0 = Debug|x64
		{8F32CF9C-7605-4EE1-A3AD-B3F49B9A32D5}.Debug|x86.ActiveCfg = Debug|Win32
		{8F32CF9C-7605-4EE1-A3AD-B3F49B9A32D5}.Debug|x86.Build.0 = Debug|Win32
		{8F32CF9C-7605-4EE1-A3AD-B3F49B9A32D5}.Release|x64.ActiveCfg = Release|x64
		{8F32CF9C-7605-4EE1-A3AD-B3F49B9A32D5}.Release|x64.Build.0 = Release|x64
		{8F32CF9C-7605-4EE1-A3AD-B3F49B9A32D5}.Release|x86.ActiveCfg = Release|Win32
		{8F32CF9C-7605-4EE1-A3AD-B3F49B9A32D5}.Release|x86.Build.0 = Release|Win32
		{295EA796-532D-479C-BA45-63F8808B9E92}.Debug|x64.ActiveCfg = Debug|x64
		{295EA796-532D-479C-BA45-63F8808B9E92}.Debug|x64.Build.0 = Debug|x64
		{295EA796-532D-479C-BA45-63F8808B9E92}.Debug|x86.ActiveCfg = Debug|Win32
		{295EA796-532D-479C-BA45-63F8808B9E92}.Debug|x86.Build.0 = Debug|Win32
		{295EA796-532D-479C-BA45-63F8808B9E92}.Release|x64.ActiveCfg = Release|x64
		{295EA796-532D-479C-BA45-63F8808B9E92}.Release|x64.Build.0 = Release|x64
		{295EA796-532D-479C-BA45-63F8808B9E92}.Release|x86.ActiveCfg = Release|Win32
		{295EA796-532D-479C-BA45-63F8808B9E92}.Release|x86.Build.0 = Release|Win32
		{E090F286-17B6-41DD-9EC6-BDE611434649}.Debug|x64.ActiveCfg = Debug|x64
		{E090F286-17B6-41DD-9EC6-BDE611434649}.Debug|x64.Build.0 = Debug|x64
		{E090F286-17B6-41DD-9EC6-BDE611434649}.Debug|x86.ActiveCfg = Debug|Win32
		{E090F286-17B6-41DD-9EC6-BDE611434649}.Debug|x86.Build.0 = Debug|Win32
		{E090F286-17B6-41DD-9EC6-BDE611434649}.Release|x64.ActiveCfg = Release|x64
		{E090F286-17B6-41DD-9EC6-BDE611434649}.Release|x64.Build.0 = Release|x64
		{E090F286-17B6-41DD-9EC6-BDE611434649}.Release|x86.ActiveCfg = Release|Win32
		{E090F286-17B6-41DD-9EC6-BDE611434649}.Release|x86.Build.0 = Release|Win32
		{ACA96D86-BDF1-423F-A545-FFD9A6789E56}.Debug|x64.ActiveCfg = Debug|x64
		{ACA96D86-BDF1-423F-A545-FFD9A6789E56}.Debug|x64.Build.0 = Debug|x64
		{ACA96D86-BDF1-423F-A545-FFD9A6789E56}.Debug|x86.ActiveCfg = Debug|Win32
		{ACA96D86-BDF1-423F-A545-FFD9A6789E56}.Debug|x86.Build.0 = Debug|Win32
		{ACA96D86-BDF1-423F-A545-FFD9A6789E56}.Release|x64.ActiveCfg = Release|x64
		{ACA96D86-BDF1-423F-A545-FFD9A6789E56}.Release|x64.Build.0 = Release|x64
		{ACA96D86-BDF1-423F-A545-FFD9A6789E56}.Release|x86.ActiveCfg = Release|Win32
		{ACA96D86-BDF1-423F-A545-FFD9A6789E56}.Release|x86.Build.0 = Release|Win32
		{4C547275-8E33-4D98-B77A-648391FC8412}.Debug|x64.ActiveCfg = Debug|x64
		{4C547275-8E33-4D98-B77A-648391FC8412}.Debug|x64.Build.0 = Debug|x64
		{4C547275-8E33-4D98-B77A-648391FC8412}.Debug|x86.ActiveCfg = Debug|Win32
		{4C547275-8E33-4D98-B77A-648391FC8412}.Debug|x86.Build.0 = Debug|Win32
		{4C547275-8E33-4D98-B77A-648391FC8412}.Release|x64.ActiveCfg = Release|x64
		{4C547275-8E33-4D98-B77A-648391FC8412}.Release|x64.Build.0 = Release|x64
		{4C547275-8E33-4D98-B77A-648391FC8412}.Release|x86.ActiveCfg = Release|Win32
		{4C547275-8E33-4D98-B77A-648391FC8412}.Release|x86.Build.0 = Release|Win32
	EndGlobalSection
	GlobalSection(SolutionProperties) = preSolution
		HideSolutionNode = FALSE
	EndGlobalSection
	GlobalSection(ExtensibilityGlobals) = postSolution
		SolutionGuid = {43016421-C448-47A6-996D-64848FC41D4E}
	EndGlobalSection
EndGlobal
