
Microsoft Visual Studio Solution File, Format Version 12.00
# Visual Studio Version 16
VisualStudioVersion = 16.0.29806.167
MinimumVisualStudioVersion = 10.0.40219.1
Project("{8BC9CEB8-8B4A-11D0-8D11-00A0C91BC942}") = "w05-c1-s1", "w05-c1-s1\w05-c1-s1.vcxproj", "{DC78E0DD-8CC5-4753-A047-2243A3DD0121}"
EndProject
Project("{8BC9CEB8-8B4A-11D0-8D11-00A0C91BC942}") = "w05-c1-s2", "w05-c1-s2\w05-c1-s2.vcxproj", "{144ED860-59EA-48D2-90BB-618B3C179D8A}"
EndProject
Project("{8BC9CEB8-8B4A-11D0-8D11-00A0C91BC942}") = "w05-c1-s3", "w05-c1-s3\w05-c1-s3.vcxproj", "{6950004E-9D39-4234-A43A-793A0515E2C0}"
EndProject
Global
	GlobalSection(SolutionConfigurationPlatforms) = preSolution
		Debug|x64 = Debug|x64
		Debug|x86 = Debug|x86
		Release|x64 = Release|x64
		Release|x86 = Release|x86
	EndGlobalSection
	GlobalSection(ProjectConfigurationPlatforms) = postSolution
		{DC78E0DD-8CC5-4753-A047-2243A3DD0121}.Debug|x64.ActiveCfg = Debug|x64
		{DC78E0DD-8CC5-4753-A047-2243A3DD0121}.Debug|x64.Build.0 = Debug|x64
		{DC78E0DD-8CC5-4753-A047-2243A3DD0121}.Debug|x86.ActiveCfg = Debug|Win32
		{DC78E0DD-8CC5-4753-A047-2243A3DD0121}.Debug|x86.Build.0 = Debug|Win32
		{DC78E0DD-8CC5-4753-A047-2243A3DD0121}.Release|x64.ActiveCfg = Release|x64
		{DC78E0DD-8CC5-4753-A047-2243A3DD0121}.Release|x64.Build.0 = Release|x64
		{DC78E0DD-8CC5-4753-A047-2243A3DD0121}.Release|x86.ActiveCfg = Release|Win32
		{DC78E0DD-8CC5-4753-A047-2243A3DD0121}.Release|x86.Build.0 = Release|Win32
		{144ED860-59EA-48D2-90BB-618B3C179D8A}.Debug|x64.ActiveCfg = Debug|x64
		{144ED860-59EA-48D2-90BB-618B3C179D8A}.Debug|x64.Build.0 = Debug|x64
		{144ED860-59EA-48D2-90BB-618B3C179D8A}.Debug|x86.ActiveCfg = Debug|Win32
		{144ED860-59EA-48D2-90BB-618B3C179D8A}.Debug|x86.Build.0 = Debug|Win32
		{144ED860-59EA-48D2-90BB-618B3C179D8A}.Release|x64.ActiveCfg = Release|x64
		{144ED860-59EA-48D2-90BB-618B3C179D8A}.Release|x64.Build.0 = Release|x64
		{144ED860-59EA-48D2-90BB-618B3C179D8A}.Release|x86.ActiveCfg = Release|Win32
		{144ED860-59EA-48D2-90BB-618B3C179D8A}.Release|x86.Build.0 = Release|Win32
		{6950004E-9D39-4234-A43A-793A0515E2C0}.Debug|x64.ActiveCfg = Debug|x64
		{6950004E-9D39-4234-A43A-793A0515E2C0}.Debug|x64.Build.0 = Debug|x64
		{6950004E-9D39-4234-A43A-793A0515E2C0}.Debug|x86.ActiveCfg = Debug|Win32
		{6950004E-9D39-4234-A43A-793A0515E2C0}.Debug|x86.Build.0 = Debug|Win32
		{6950004E-9D39-4234-A43A-793A0515E2C0}.Release|x64.ActiveCfg = Release|x64
		{6950004E-9D39-4234-A43A-793A0515E2C0}.Release|x64.Build.0 = Release|x64
		{6950004E-9D39-4234-A43A-793A0515E2C0}.Release|x86.ActiveCfg = Release|Win32
		{6950004E-9D39-4234-A43A-793A0515E2C0}.Release|x86.Build.0 = Release|Win32
	EndGlobalSection
	GlobalSection(SolutionProperties) = preSolution
		HideSolutionNode = FALSE
	EndGlobalSection
	GlobalSection(ExtensibilityGlobals) = postSolution
		SolutionGuid = {14C96088-2FCA-41A7-A68D-727CF99C34AA}
	EndGlobalSection
EndGlobal
